// !$*UTF8*$!
{
	archiveVersion = 1;
	classes = {
	};
	objectVersion = 50;
	objects = {

/* Begin PBXBuildFile section */
		FC91A09720DED82900619F30 /* AppDelegate.swift in Sources */ = {isa = PBXBuildFile; fileRef = FC91A09620DED82900619F30 /* AppDelegate.swift */; };
		FC91A09920DED82900619F30 /* ViewController.swift in Sources */ = {isa = PBXBuildFile; fileRef = FC91A09820DED82900619F30 /* ViewController.swift */; };
		FC91A09C20DED82900619F30 /* Main.storyboard in Resources */ = {isa = PBXBuildFile; fileRef = FC91A09A20DED82900619F30 /* Main.storyboard */; };
		FC91A09F20DED82900619F30 /* NoteThat.xcdatamodeld in Sources */ = {isa = PBXBuildFile; fileRef = FC91A09D20DED82900619F30 /* NoteThat.xcdatamodeld */; };
		FC91A0A120DED82A00619F30 /* Assets.xcassets in Resources */ = {isa = PBXBuildFile; fileRef = FC91A0A020DED82A00619F30 /* Assets.xcassets */; };
		FC91A0A420DED82A00619F30 /* LaunchScreen.storyboard in Resources */ = {isa = PBXBuildFile; fileRef = FC91A0A220DED82A00619F30 /* LaunchScreen.storyboard */; };
/* End PBXBuildFile section */

/* Begin PBXFileReference section */
		FC91A09320DED82900619F30 /* NoteThat.app */ = {isa = PBXFileReference; explicitFileType = wrapper.application; includeInIndex = 0; path = NoteThat.app; sourceTree = BUILT_PRODUCTS_DIR; };
		FC91A09620DED82900619F30 /* AppDelegate.swift */ = {isa = PBXFileReference; lastKnownFileType = sourcecode.swift; path = AppDelegate.swift; sourceTree = "<group>"; };
		FC91A09820DED82900619F30 /* ViewController.swift */ = {isa = PBXFileReference; lastKnownFileType = sourcecode.swift; path = ViewController.swift; sourceTree = "<group>"; };
		FC91A09B20DED82900619F30 /* Base */ = {isa = PBXFileReference; lastKnownFileType = file.storyboard; name = Base; path = Base.lproj/Main.storyboard; sourceTree = "<group>"; };
		FC91A09E20DED82900619F30 /* NoteThat.xcdatamodel */ = {isa = PBXFileReference; lastKnownFileType = wrapper.xcdatamodel; path = NoteThat.xcdatamodel; sourceTree = "<group>"; };
		FC91A0A020DED82A00619F30 /* Assets.xcassets */ = {isa = PBXFileReference; lastKnownFileType = folder.assetcatalog; path = Assets.xcassets; sourceTree = "<group>"; };
		FC91A0A320DED82A00619F30 /* Base */ = {isa = PBXFileReference; lastKnownFileType = file.storyboard; name = Base; path = Base.lproj/LaunchScreen.storyboard; sourceTree = "<group>"; };
		FC91A0A520DED82A00619F30 /* Info.plist */ = {isa = PBXFileReference; lastKnownFileType = text.plist.xml; path = Info.plist; sourceTree = "<group>"; };
/* End PBXFileReference section */

/* Begin PBXFrameworksBuildPhase section */
		FC91A09020DED82900619F30 /* Frameworks */ = {
			isa = PBXFrameworksBuildPhase;
			buildActionMask = 2147483647;
			files = (
			);
			runOnlyForDeploymentPostprocessing = 0;
		};
/* End PBXFrameworksBuildPhase section */

/* Begin PBXGroup section */
		FC91A08A20DED82900619F30 = {
			isa = PBXGroup;
			children = (
				FC91A09520DED82900619F30 /* NoteThat */,
				FC91A09420DED82900619F30 /* Products */,
			);
			sourceTree = "<group>";
		};
		FC91A09420DED82900619F30 /* Products */ = {
			isa = PBXGroup;
			children = (
				FC91A09320DED82900619F30 /* NoteThat.app */,
			);
			name = Products;
			sourceTree = "<group>";
		};
		FC91A09520DED82900619F30 /* NoteThat */ = {
			isa = PBXGroup;
			children = (
				FC91A09620DED82900619F30 /* AppDelegate.swift */,
				FC91A0AB20DED84500619F30 /* Data Model */,
				FC91A0AC20DED85F00619F30 /* Views */,
				FC91A0AE20DED89D00619F30 /* Controllers */,
				FC91A0AF20DED8E500619F30 /* Supporting Files */,
				FC91A0A520DED82A00619F30 /* Info.plist */,
			);
			path = NoteThat;
			sourceTree = "<group>";
		};
		FC91A0AB20DED84500619F30 /* Data Model */ = {
			isa = PBXGroup;
			children = (
				FC91A09D20DED82900619F30 /* NoteThat.xcdatamodeld */,
			);
			path = "Data Model";
			sourceTree = "<group>";
		};
		FC91A0AC20DED85F00619F30 /* Views */ = {
			isa = PBXGroup;
			children = (
				FC91A09A20DED82900619F30 /* Main.storyboard */,
			);
			path = Views;
			sourceTree = "<group>";
		};
		FC91A0AE20DED89D00619F30 /* Controllers */ = {
			isa = PBXGroup;
			children = (
				FC91A09820DED82900619F30 /* ViewController.swift */,
			);
			path = Controllers;
			sourceTree = "<group>";
		};
		FC91A0AF20DED8E500619F30 /* Supporting Files */ = {
			isa = PBXGroup;
			children = (
				FC91A0A020DED82A00619F30 /* Assets.xcassets */,
				FC91A0A220DED82A00619F30 /* LaunchScreen.storyboard */,
			);
			path = "Supporting Files";
			sourceTree = "<group>";
		};
/* End PBXGroup section */

/* Begin PBXNativeTarget section */
		FC91A09220DED82900619F30 /* NoteThat */ = {
			isa = PBXNativeTarget;
			buildConfigurationList = FC91A0A820DED82A00619F30 /* Build configuration list for PBXNativeTarget "NoteThat" */;
			buildPhases = (
				FC91A08F20DED82900619F30 /* Sources */,
				FC91A09020DED82900619F30 /* Frameworks */,
				FC91A09120DED82900619F30 /* Resources */,
			);
			buildRules = (
			);
			dependencies = (
			);
			name = NoteThat;
			productName = NoteThat;
			productReference = FC91A09320DED82900619F30 /* NoteThat.app */;
			productType = "com.apple.product-type.application";
		};
/* End PBXNativeTarget section */

/* Begin PBXProject section */
		FC91A08B20DED82900619F30 /* Project object */ = {
			isa = PBXProject;
			attributes = {
				LastSwiftUpdateCheck = 0940;
				LastUpgradeCheck = 0940;
				ORGANIZATIONNAME = "Dylan Williamson";
				TargetAttributes = {
					FC91A09220DED82900619F30 = {
						CreatedOnToolsVersion = 9.4.1;
					};
				};
			};
			buildConfigurationList = FC91A08E20DED82900619F30 /* Build configuration list for PBXProject "NoteThat" */;
			compatibilityVersion = "Xcode 9.3";
			developmentRegion = en;
			hasScannedForEncodings = 0;
			knownRegions = (
				en,
				Base,
			);
			mainGroup = FC91A08A20DED82900619F30;
			productRefGroup = FC91A09420DED82900619F30 /* Products */;
			projectDirPath = "";
			projectRoot = "";
			targets = (
				FC91A09220DED82900619F30 /* NoteThat */,
			);
		};
/* End PBXProject section */

/* Begin PBXResourcesBuildPhase section */
		FC91A09120DED82900619F30 /* Resources */ = {
			isa = PBXResourcesBuildPhase;
			buildActionMask = 2147483647;
			files = (
				FC91A0A420DED82A00619F30 /* LaunchScreen.storyboard in Resources */,
				FC91A0A120DED82A00619F30 /* Assets.xcassets in Resources */,
				FC91A09C20DED82900619F30 /* Main.storyboard in Resources */,
			);
			runOnlyForDeploymentPostprocessing = 0;
		};
/* End PBXResourcesBuildPhase section */

/* Begin PBXSourcesBuildPhase section */
		FC91A08F20DED82900619F30 /* Sources */ = {
			isa = PBXSourcesBuildPhase;
			buildActionMask = 2147483647;
			files = (
				FC91A09F20DED82900619F30 /* NoteThat.xcdatamodeld in Sources */,
				FC91A09920DED82900619F30 /* ViewController.swift in Sources */,
				FC91A09720DED82900619F30 /* AppDelegate.swift in Sources */,
			);
			runOnlyForDeploymentPostprocessing = 0;
		};
/* End PBXSourcesBuildPhase section */

/* Begin PBXVariantGroup section */
		FC91A09A20DED82900619F30 /* Main.storyboard */ = {
			isa = PBXVariantGroup;
			children = (
				FC91A09B20DED82900619F30 /* Base */,
			);
			name = Main.storyboard;
			sourceTree = "<group>";
		};
		FC91A0A220DED82A00619F30 /* LaunchScreen.storyboard */ = {
			isa = PBXVariantGroup;
			children = (
				FC91A0A320DED82A00619F30 /* Base */,
			);
			name = LaunchScreen.storyboard;
			sourceTree = "<group>";
		};
/* End PBXVariantGroup section */

/* Begin XCBuildConfiguration section */
		FC91A0A620DED82A00619F30 /* Debug */ = {
			isa = XCBuildConfiguration;
			buildSettings = {
				ALWAYS_SEARCH_USER_PATHS = NO;
				CLANG_ANALYZER_NONNULL = YES;
				CLANG_ANALYZER_NUMBER_OBJECT_CONVERSION = YES_AGGRESSIVE;
				CLANG_CXX_LANGUAGE_STANDARD = "gnu++14";
				CLANG_CXX_LIBRARY = "libc++";
				CLANG_ENABLE_MODULES = YES;
				CLANG_ENABLE_OBJC_ARC = YES;
				CLANG_ENABLE_OBJC_WEAK = YES;
				CLANG_WARN_BLOCK_CAPTURE_AUTORELEASING = YES;
				CLANG_WARN_BOOL_CONVERSION = YES;
				CLANG_WARN_COMMA = YES;
				CLANG_WARN_CONSTANT_CONVERSION = YES;
				CLANG_WARN_DEPRECATED_OBJC_IMPLEMENTATIONS = YES;
				CLANG_WARN_DIRECT_OBJC_ISA_USAGE = YES_ERROR;
				CLANG_WARN_DOCUMENTATION_COMMENTS = YES;
				CLANG_WARN_EMPTY_BODY = YES;
				CLANG_WARN_ENUM_CONVERSION = YES;
				CLANG_WARN_INFINITE_RECURSION = YES;
				CLANG_WARN_INT_CONVERSION = YES;
				CLANG_WARN_NON_LITERAL_NULL_CONVERSION = YES;
				CLANG_WARN_OBJC_IMPLICIT_RETAIN_SELF = YES;
				CLANG_WARN_OBJC_LITERAL_CONVERSION = YES;
				CLANG_WARN_OBJC_ROOT_CLASS = YES_ERROR;
				CLANG_WARN_RANGE_LOOP_ANALYSIS = YES;
				CLANG_WARN_STRICT_PROTOTYPES = YES;
				CLANG_WARN_SUSPICIOUS_MOVE = YES;
				CLANG_WARN_UNGUARDED_AVAILABILITY = YES_AGGRESSIVE;
				CLANG_WARN_UNREACHABLE_CODE = YES;
				CLANG_WARN__DUPLICATE_METHOD_MATCH = YES;
				CODE_SIGN_IDENTITY = "iPhone Developer";
				COPY_PHASE_STRIP = NO;
				DEBUG_INFORMATION_FORMAT = dwarf;
				ENABLE_STRICT_OBJC_MSGSEND = YES;
				ENABLE_TESTABILITY = YES;
				GCC_C_LANGUAGE_STANDARD = gnu11;
				GCC_DYNAMIC_NO_PIC = NO;
				GCC_NO_COMMON_BLOCKS = YES;
				GCC_OPTIMIZATION_LEVEL = 0;
				GCC_PREPROCESSOR_DEFINITIONS = (
					"DEBUG=1",
					"$(inherited)",
				);
				GCC_WARN_64_TO_32_BIT_CONVERSION = YES;
				GCC_WARN_ABOUT_RETURN_TYPE = YES_ERROR;
				GCC_WARN_UNDECLARED_SELECTOR = YES;
				GCC_WARN_UNINITIALIZED_AUTOS = YES_AGGRESSIVE;
				GCC_WARN_UNUSED_FUNCTION = YES;
				GCC_WARN_UNUSED_VARIABLE = YES;
				IPHONEOS_DEPLOYMENT_TARGET = 11.4;
				MTL_ENABLE_DEBUG_INFO = YES;
				ONLY_ACTIVE_ARCH = YES;
				SDKROOT = iphoneos;
				SWIFT_ACTIVE_COMPILATION_CONDITIONS = DEBUG;
				SWIFT_OPTIMIZATION_LEVEL = "-Onone";
			};
			name = Debug;
		};
		FC91A0A720DED82A00619F30 /* Release */ = {
			isa = XCBuildConfiguration;
			buildSettings = {
				ALWAYS_SEARCH_USER_PATHS = NO;
				CLANG_ANALYZER_NONNULL = YES;
				CLANG_ANALYZER_NUMBER_OBJECT_CONVERSION = YES_AGGRESSIVE;
				CLANG_CXX_LANGUAGE_STANDARD = "gnu++14";
				CLANG_CXX_LIBRARY = "libc++";
				CLANG_ENABLE_MODULES = YES;
				CLANG_ENABLE_OBJC_ARC = YES;
				CLANG_ENABLE_OBJC_WEAK = YES;
				CLANG_WARN_BLOCK_CAPTURE_AUTORELEASING = YES;
				CLANG_WARN_BOOL_CONVERSION = YES;
				CLANG_WARN_COMMA = YES;
				CLANG_WARN_CONSTANT_CONVERSION = YES;
				CLANG_WARN_DEPRECATED_OBJC_IMPLEMENTATIONS = YES;
				CLANG_WARN_DIRECT_OBJC_ISA_USAGE = YES_ERROR;
				CLANG_WARN_DOCUMENTATION_COMMENTS = YES;
				CLANG_WARN_EMPTY_BODY = YES;
				CLANG_WARN_ENUM_CONVERSION = YES;
				CLANG_WARN_INFINITE_RECURSION = YES;
				CLANG_WARN_INT_CONVERSION = YES;
				CLANG_WARN_NON_LITERAL_NULL_CONVERSION = YES;
				CLANG_WARN_OBJC_IMPLICIT_RETAIN_SELF = YES;
				CLANG_WARN_OBJC_LITERAL_CONVERSION = YES;
				CLANG_WARN_OBJC_ROOT_CLASS = YES_ERROR;
				CLANG_WARN_RANGE_LOOP_ANALYSIS = YES;
				CLANG_WARN_STRICT_PROTOTYPES = YES;
				CLANG_WARN_SUSPICIOUS_MOVE = YES;
				CLANG_WARN_UNGUARDED_AVAILABILITY = YES_AGGRESSIVE;
				CLANG_WARN_UNREACHABLE_CODE = YES;
				CLANG_WARN__DUPLICATE_METHOD_MATCH = YES;
				CODE_SIGN_IDENTITY = "iPhone Developer";
				COPY_PHASE_STRIP = NO;
				DEBUG_INFORMATION_FORMAT = "dwarf-with-dsym";
				ENABLE_NS_ASSERTIONS = NO;
				ENABLE_STRICT_OBJC_MSGSEND = YES;
				GCC_C_LANGUAGE_STANDARD = gnu11;
				GCC_NO_COMMON_BLOCKS = YES;
				GCC_WARN_64_TO_32_BIT_CONVERSION = YES;
				GCC_WARN_ABOUT_RETURN_TYPE = YES_ERROR;
				GCC_WARN_UNDECLARED_SELECTOR = YES;
				GCC_WARN_UNINITIALIZED_AUTOS = YES_AGGRESSIVE;
				GCC_WARN_UNUSED_FUNCTION = YES;
				GCC_WARN_UNUSED_VARIABLE = YES;
				IPHONEOS_DEPLOYMENT_TARGET = 11.4;
				MTL_ENABLE_DEBUG_INFO = NO;
				SDKROOT = iphoneos;
				SWIFT_COMPILATION_MODE = wholemodule;
				SWIFT_OPTIMIZATION_LEVEL = "-O";
				VALIDATE_PRODUCT = YES;
			};
			name = Release;
		};
		FC91A0A920DED82A00619F30 /* Debug */ = {
			isa = XCBuildConfiguration;
			buildSettings = {
				ASSETCATALOG_COMPILER_APPICON_NAME = AppIcon;
				CODE_SIGN_STYLE = Automatic;
				DEVELOPMENT_TEAM = FWFC7CL2XG;
				INFOPLIST_FILE = NoteThat/Info.plist;
				LD_RUNPATH_SEARCH_PATHS = (
					"$(inherited)",
					"@executable_path/Frameworks",
				);
				PRODUCT_BUNDLE_IDENTIFIER = com.dylanwithgravity.NoteThat;
				PRODUCT_NAME = "$(TARGET_NAME)";
				SWIFT_VERSION = 4.0;
				TARGETED_DEVICE_FAMILY = "1,2";
			};
			name = Debug;
		};
		FC91A0AA20DED82A00619F30 /* Release */ = {
			isa = XCBuildConfiguration;
			buildSettings = {
				ASSETCATALOG_COMPILER_APPICON_NAME = AppIcon;
				CODE_SIGN_STYLE = Automatic;
				DEVELOPMENT_TEAM = FWFC7CL2XG;
				INFOPLIST_FILE = NoteThat/Info.plist;
				LD_RUNPATH_SEARCH_PATHS = (
					"$(inherited)",
					"@executable_path/Frameworks",
				);
				PRODUCT_BUNDLE_IDENTIFIER = com.dylanwithgravity.NoteThat;
				PRODUCT_NAME = "$(TARGET_NAME)";
				SWIFT_VERSION = 4.0;
				TARGETED_DEVICE_FAMILY = "1,2";
			};
			name = Release;
		};
/* End XCBuildConfiguration section */

/* Begin XCConfigurationList section */
		FC91A08E20DED82900619F30 /* Build configuration list for PBXProject "NoteThat" */ = {
			isa = XCConfigurationList;
			buildConfigurations = (
				FC91A0A620DED82A00619F30 /* Debug */,
				FC91A0A720DED82A00619F30 /* Release */,
			);
			defaultConfigurationIsVisible = 0;
			defaultConfigurationName = Release;
		};
		FC91A0A820DED82A00619F30 /* Build configuration list for PBXNativeTarget "NoteThat" */ = {
			isa = XCConfigurationList;
			buildConfigurations = (
				FC91A0A920DED82A00619F30 /* Debug */,
				FC91A0AA20DED82A00619F30 /* Release */,
			);
			defaultConfigurationIsVisible = 0;
			defaultConfigurationName = Release;
		};
/* End XCConfigurationList section */

/* Begin XCVersionGroup section */
		FC91A09D20DED82900619F30 /* NoteThat.xcdatamodeld */ = {
			isa = XCVersionGroup;
			children = (
				FC91A09E20DED82900619F30 /* NoteThat.xcdatamodel */,
			);
			currentVersion = FC91A09E20DED82900619F30 /* NoteThat.xcdatamodel */;
			path = NoteThat.xcdatamodeld;
			sourceTree = "<group>";
			versionGroupType = wrapper.xcdatamodel;
		};
/* End XCVersionGroup section */
	};
	rootObject = FC91A08B20DED82900619F30 /* Project object */;
}
